
Microsoft Visual Studio Solution File, Format Version 12.00
# Visual Studio 2012
Project("{FAE04EC0-301F-11D3-BF4B-00C04F79EFBC}") = "WIN.TECHNICAL.HTTP_HANDLERS", "WIN.TECHNICAL.HTTP_HANDLERS\WIN.TECHNICAL.HTTP_HANDLERS.csproj", "{F2ED5CA9-3265-429B-A3A4-3F183E35E680}"
EndProject
Project("{FAE04EC0-301F-11D3-BF4B-00C04F79EFBC}") = "WIN.TECHNICAL.GUI.COMMONS", "WIN.TECHNICAL.GUI.UTILITY\WIN.TECHNICAL.GUI.COMMONS.csproj", "{601980AA-02B2-473B-ACE4-1C7D3C8B1EAB}"
EndProject
Project("{FAE04EC0-301F-11D3-BF4B-00C04F79EFBC}") = "WIN.TECHNICAL.MENU_CUSTOMIZER", "WIN.TECHNICAL.MENU_CUSTOMIZER\WIN.TECHNICAL.MENU_CUSTOMIZER.csproj", "{8922EDC2-270C-430A-9171-9BB97779C1DD}"
EndProject
Project("{FAE04EC0-301F-11D3-BF4B-00C04F79EFBC}") = "WIN.TECHNICAL.MIDDLEWARE", "WIN.TECHNICAL.MIDDLEWARE\WIN.TECHNICAL.MIDDLEWARE.csproj", "{7817938C-E1D1-435C-B124-5F40F430A46D}"
EndProject
Project("{FAE04EC0-301F-11D3-BF4B-00C04F79EFBC}") = "WIN.TECHNICAL.PDF_PRINTER", "WIN.TECHNICAL.PDF_PRINTER\WIN.TECHNICAL.PDF_PRINTER.csproj", "{51E3D1E8-9BE1-490F-84FB-387B16BBF000}"
EndProject
Project("{FAE04EC0-301F-11D3-BF4B-00C04F79EFBC}") = "WIN.TECHNICAL.SECURITY", "WIN.TECHNICAL.SECURITY\WIN.TECHNICAL.SECURITY.csproj", "{35A34AE3-E941-47B5-ACAF-43A7BBB2E0FE}"
EndProject
Project("{FAE04EC0-301F-11D3-BF4B-00C04F79EFBC}") = "WIN.TECHNICAL.SECURITY_NEW", "WIN.TECHNICAL.SECURITY_NEW\WIN.TECHNICAL.SECURITY_NEW.csproj", "{0F298FBD-85D4-4726-BACE-82DF9DDCC9A2}"
EndProject
Project("{FAE04EC0-301F-11D3-BF4B-00C04F79EFBC}") = "WIN.TECHNICAL.SERVICE_PROCESSOR", "WIN.TECHNICAL.SERVICE_PROCESSOR\WIN.TECHNICAL.SERVICE_PROCESSOR.csproj", "{8E285472-7005-474C-A2EA-7CB4E25A4B66}"
EndProject
Project("{F184B08F-C81C-45F6-A57F-5ABD9991F28F}") = "WIN.TECHNICAL.VB.GUI.UTILITY", "WIN.TECHNICAL.VB.GUI.UTILITY\WIN.TECHNICAL.VB.GUI.UTILITY.vbproj", "{25F42231-E5F1-4A84-91B1-EF203542356A}"
EndProject
Project("{F184B08F-C81C-45F6-A57F-5ABD9991F28F}") = "WIN.TECHNICAL.VB.PERSISTENCE", "WIN.TECHNICAL.VB.PERSISTENCE\WIN.TECHNICAL.VB.PERSISTENCE.vbproj", "{ED116915-FC6D-4A68-A35A-79BE08267D1C}"
EndProject
Project("{F184B08F-C81C-45F6-A57F-5ABD9991F28F}") = "WIN.TECHNICAL.VB.UTILS", "WIN.TECHNICAL.VB.UTILS\WIN.TECHNICAL.VB.UTILS.vbproj", "{466A883D-893E-46FD-A2C0-D4257B63A6C0}"
EndProject
Global
	GlobalSection(SolutionConfigurationPlatforms) = preSolution
		Debug|Any CPU = Debug|Any CPU
		Release|Any CPU = Release|Any CPU
	EndGlobalSection
	GlobalSection(ProjectConfigurationPlatforms) = postSolution
		{F2ED5CA9-3265-429B-A3A4-3F183E35E680}.Debug|Any CPU.ActiveCfg = Debug|Any CPU
		{F2ED5CA9-3265-429B-A3A4-3F183E35E680}.Debug|Any CPU.Build.0 = Debug|Any CPU
		{F2ED5CA9-3265-429B-A3A4-3F183E35E680}.Release|Any CPU.ActiveCfg = Release|Any CPU
		{F2ED5CA9-3265-429B-A3A4-3F183E35E680}.Release|Any CPU.Build.0 = Release|Any CPU
		{601980AA-02B2-473B-ACE4-1C7D3C8B1EAB}.Debug|Any CPU.ActiveCfg = Debug|Any CPU
		{601980AA-02B2-473B-ACE4-1C7D3C8B1EAB}.Debug|Any CPU.Build.0 = Debug|Any CPU
		{601980AA-02B2-473B-ACE4-1C7D3C8B1EAB}.Release|Any CPU.ActiveCfg = Release|Any CPU
		{601980AA-02B2-473B-ACE4-1C7D3C8B1EAB}.Release|Any CPU.Build.0 = Release|Any CPU
		{8922EDC2-270C-430A-9171-9BB97779C1DD}.Debug|Any CPU.ActiveCfg = Debug|Any CPU
		{8922EDC2-270C-430A-9171-9BB97779C1DD}.Debug|Any CPU.Build.0 = Debug|Any CPU
		{8922EDC2-270C-430A-9171-9BB97779C1DD}.Release|Any CPU.ActiveCfg = Release|Any CPU
		{8922EDC2-270C-430A-9171-9BB97779C1DD}.Release|Any CPU.Build.0 = Release|Any CPU
		{7817938C-E1D1-435C-B124-5F40F430A46D}.Debug|Any CPU.ActiveCfg = Debug|Any CPU
		{7817938C-E1D1-435C-B124-5F40F430A46D}.Debug|Any CPU.Build.0 = Debug|Any CPU
		{7817938C-E1D1-435C-B124-5F40F430A46D}.Release|Any CPU.ActiveCfg = Release|Any CPU
		{7817938C-E1D1-435C-B124-5F40F430A46D}.Release|Any CPU.Build.0 = Release|Any CPU
		{51E3D1E8-9BE1-490F-84FB-387B16BBF000}.Debug|Any CPU.ActiveCfg = Debug|Any CPU
		{51E3D1E8-9BE1-490F-84FB-387B16BBF000}.Debug|Any CPU.Build.0 = Debug|Any CPU
		{51E3D1E8-9BE1-490F-84FB-387B16BBF000}.Release|Any CPU.ActiveCfg = Release|Any CPU
		{51E3D1E8-9BE1-490F-84FB-387B16BBF000}.Release|Any CPU.Build.0 = Release|Any CPU
		{35A34AE3-E941-47B5-ACAF-43A7BBB2E0FE}.Debug|Any CPU.ActiveCfg = Debug|Any CPU
		{35A34AE3-E941-47B5-ACAF-43A7BBB2E0FE}.Debug|Any CPU.Build.0 = Debug|Any CPU
		{35A34AE3-E941-47B5-ACAF-43A7BBB2E0FE}.Release|Any CPU.ActiveCfg = Release|Any CPU
		{35A34AE3-E941-47B5-ACAF-43A7BBB2E0FE}.Release|Any CPU.Build.0 = Release|Any CPU
		{0F298FBD-85D4-4726-BACE-82DF9DDCC9A2}.Debug|Any CPU.ActiveCfg = Debug|Any CPU
		{0F298FBD-85D4-4726-BACE-82DF9DDCC9A2}.Debug|Any CPU.Build.0 = Debug|Any CPU
		{0F298FBD-85D4-4726-BACE-82DF9DDCC9A2}.Release|Any CPU.ActiveCfg = Release|Any CPU
		{0F298FBD-85D4-4726-BACE-82DF9DDCC9A2}.Release|Any CPU.Build.0 = Release|Any CPU
		{8E285472-7005-474C-A2EA-7CB4E25A4B66}.Debug|Any CPU.ActiveCfg = Debug|Any CPU
		{8E285472-7005-474C-A2EA-7CB4E25A4B66}.Debug|Any CPU.Build.0 = Debug|Any CPU
		{8E285472-7005-474C-A2EA-7CB4E25A4B66}.Release|Any CPU.ActiveCfg = Release|Any CPU
		{8E285472-7005-474C-A2EA-7CB4E25A4B66}.Release|Any CPU.Build.0 = Release|Any CPU
		{25F42231-E5F1-4A84-91B1-EF203542356A}.Debug|Any CPU.ActiveCfg = Debug|Any CPU
		{25F42231-E5F1-4A84-91B1-EF203542356A}.Debug|Any CPU.Build.0 = Debug|Any CPU
		{25F42231-E5F1-4A84-91B1-EF203542356A}.Release|Any CPU.ActiveCfg = Release|Any CPU
		{25F42231-E5F1-4A84-91B1-EF203542356A}.Release|Any CPU.Build.0 = Release|Any CPU
		{ED116915-FC6D-4A68-A35A-79BE08267D1C}.Debug|Any CPU.ActiveCfg = Debug|Any CPU
		{ED116915-FC6D-4A68-A35A-79BE08267D1C}.Debug|Any CPU.Build.0 = Debug|Any CPU
		{ED116915-FC6D-4A68-A35A-79BE08267D1C}.Release|Any CPU.ActiveCfg = Release|Any CPU
		{ED116915-FC6D-4A68-A35A-79BE08267D1C}.Release|Any CPU.Build.0 = Release|Any CPU
		{466A883D-893E-46FD-A2C0-D4257B63A6C0}.Debug|Any CPU.ActiveCfg = Debug|Any CPU
		{466A883D-893E-46FD-A2C0-D4257B63A6C0}.Debug|Any CPU.Build.0 = Debug|Any CPU
		{466A883D-893E-46FD-A2C0-D4257B63A6C0}.Release|Any CPU.ActiveCfg = Release|Any CPU
		{466A883D-893E-46FD-A2C0-D4257B63A6C0}.Release|Any CPU.Build.0 = Release|Any CPU
	EndGlobalSection
	GlobalSection(SolutionProperties) = preSolution
		HideSolutionNode = FALSE
	EndGlobalSection
EndGlobal
